
Microsoft Visual Studio Solution File, Format Version 12.00
# Visual Studio 15
VisualStudioVersion = 15.0.27703.2035
MinimumVisualStudioVersion = 10.0.40219.1
Project("{FAE04EC0-301F-11D3-BF4B-00C04F79EFBC}") = "Touch Meee", "Touch Meee\Touch Meee.csproj", "{66D4533D-1C5E-4E5B-BF16-35C5C05F65CC}"
EndProject
Global
	GlobalSection(SolutionConfigurationPlatforms) = preSolution
		Debug|Any CPU = Debug|Any CPU
		Release|Any CPU = Release|Any CPU
	EndGlobalSection
	GlobalSection(ProjectConfigurationPlatforms) = postSolution
		{66D4533D-1C5E-4E5B-BF16-35C5C05F65CC}.Debug|Any CPU.ActiveCfg = Debug|Any CPU
		{66D4533D-1C5E-4E5B-BF16-35C5C05F65CC}.Debug|Any CPU.Build.0 = Debug|Any CPU
		{66D4533D-1C5E-4E5B-BF16-35C5C05F65CC}.Release|Any CPU.ActiveCfg = Release|Any CPU
		{66D4533D-1C5E-4E5B-BF16-35C5C05F65CC}.Release|Any CPU.Build.0 = Release|Any CPU
	EndGlobalSection
	GlobalSection(SolutionProperties) = preSolution
		HideSolutionNode = FALSE
	EndGlobalSection
	GlobalSection(ExtensibilityGlobals) = postSolution
		SolutionGuid = {48ADCB1A-F13A-407D-84B1-A69978567537}
	EndGlobalSection
EndGlobal
